
Microsoft Visual Studio Solution File, Format Version 12.00
# Visual Studio Version 16
VisualStudioVersion = 16.0.28917.181
MinimumVisualStudioVersion = 10.0.40219.1
Project("{9A19103F-16F7-4668-BE54-9A1E7A4F7556}") = "Syinpo.Core", "Syinpo.Core\Syinpo.Core.csproj", "{1691C309-7F22-4D93-9788-4E58D81FD116}"
EndProject
Project("{9A19103F-16F7-4668-BE54-9A1E7A4F7556}") = "Syinpo.Admin.Api", "Syinpo.Admin.Api\Syinpo.Admin.Api.csproj", "{ED6B55E2-7CAC-44B6-94A3-87C7BF20C612}"
EndProject
Project("{9A19103F-16F7-4668-BE54-9A1E7A4F7556}") = "Syinpo.ApiDoc.Generation", "Syinpo.ApiDoc.Generation\Syinpo.ApiDoc.Generation.csproj", "{E1A497BC-E6BF-4650-BE61-88B91C225DC1}"
EndProject
Project("{00D1A9C2-B5F0-4AF3-8072-F6C62B433612}") = "Syinpo.Database", "Syinpo.Database\Syinpo.Database.sqlproj", "{F2C9F9A9-9166-4B78-B07B-1631CED1DEDD}"
EndProject
Project("{9A19103F-16F7-4668-BE54-9A1E7A4F7556}") = "Syinpo.Auth.Server", "Syinpo.Auth.Web\Syinpo.Auth.Server.csproj", "{8A604632-D5F9-44D9-BB63-1AC7FA8A8BA0}"
EndProject
Project("{2150E333-8FDC-42A3-9474-1A3956D46DE8}") = "00. Architecture Design", "00. Architecture Design", "{F535F73C-1812-43F9-9E8F-386E0E21DA6F}"
EndProject
Project("{2150E333-8FDC-42A3-9474-1A3956D46DE8}") = "01. Framework", "01. Framework", "{CB221182-62E9-4D1F-AF78-D9D37419CB99}"
EndProject
Project("{2150E333-8FDC-42A3-9474-1A3956D46DE8}") = "02. WebApp", "02. WebApp", "{71E83B16-94E0-4401-951F-8368E2653CA3}"
EndProject
Project("{2150E333-8FDC-42A3-9474-1A3956D46DE8}") = "03. Tools", "03. Tools", "{B570C0AC-0E50-4D89-A42C-190EEFCCD430}"
EndProject
Project("{9A19103F-16F7-4668-BE54-9A1E7A4F7556}") = "Syinpo.Unity", "Syinpo.Unity\Syinpo.Unity.csproj", "{AB62C16D-A61C-4A95-8D87-276D8F68B7CD}"
EndProject
Project("{9A19103F-16F7-4668-BE54-9A1E7A4F7556}") = "Syinpo.BusinessLogic", "Syinpo.BusinessLogic\Syinpo.BusinessLogic.csproj", "{94D9E0BF-3796-4C4B-A093-4C557A764473}"
EndProject
Project("{9A19103F-16F7-4668-BE54-9A1E7A4F7556}") = "Syinpo.EFCore.Reverse", "Syinpo.EFCore.Reverse\Syinpo.EFCore.Reverse.csproj", "{8F8010C3-BBE1-4738-BA4A-761B4405FD2E}"
EndProject
Project("{9A19103F-16F7-4668-BE54-9A1E7A4F7556}") = "Syinpo.Signalr.Test", "Syinpo.Signalr.Test\Syinpo.Signalr.Test.csproj", "{523D27C6-C700-44FB-AE6C-9A101661DF9C}"
EndProject
Project("{9A19103F-16F7-4668-BE54-9A1E7A4F7556}") = "Syinpo.Model", "Syinpo.Model\Syinpo.Model.csproj", "{07734746-FBDC-4AC9-A0E4-94E3387285E3}"
EndProject
Project("{9A19103F-16F7-4668-BE54-9A1E7A4F7556}") = "Syinpo.Tests.BusinessLogic", "Syinpo.BusinessLogicTests\Syinpo.Tests.BusinessLogic.csproj", "{CE230B05-FA88-4F49-8965-71E94BE254D8}"
EndProject
Project("{2150E333-8FDC-42A3-9474-1A3956D46DE8}") = "04. Test", "04. Test", "{65BDB8B5-8844-424A-8E7B-189FFD45424F}"
EndProject
Project("{9A19103F-16F7-4668-BE54-9A1E7A4F7556}") = "Syinpo.Tests.Core", "Syinpo.Tests.Core\Syinpo.Tests.Core.csproj", "{65ABE477-010E-4BFE-BD54-D0A28DC461AC}"
EndProject
Project("{9A19103F-16F7-4668-BE54-9A1E7A4F7556}") = "Syinpo.Update.Api", "Syinpo.Update.Api\Syinpo.Update.Api.csproj", "{2887C174-8199-40CF-9C5A-3F89D1635DE4}"
EndProject
Project("{00D1A9C2-B5F0-4AF3-8072-F6C62B433612}") = "SyinpoMonitor.Database", "SyinpoMonitor.Database\SyinpoMonitor.Database.sqlproj", "{F072A3DE-E511-4496-A98A-30FF86A11984}"
EndProject
Project("{9A19103F-16F7-4668-BE54-9A1E7A4F7556}") = "Syinpo.Monitor.Processor", "Syinpo.Monitor.Processor\Syinpo.Monitor.Processor.csproj", "{9972D3EC-4158-4BD4-92DF-F29FBBF82A5A}"
EndProject
Project("{9A19103F-16F7-4668-BE54-9A1E7A4F7556}") = "Syinpo.Monitor.Response", "Syinpo.Monitor.Response\Syinpo.Monitor.Response.csproj", "{3C55203A-5B10-4E06-BEB6-E1D8D1AEA31E}"
EndProject
Project("{9A19103F-16F7-4668-BE54-9A1E7A4F7556}") = "Syinpo.Monitor.Api", "Syinpo.Monitor.Api\Syinpo.Monitor.Api.csproj", "{1DCE114D-D437-4E29-98DE-0487C62E3FAD}"
EndProject
Project("{9A19103F-16F7-4668-BE54-9A1E7A4F7556}") = "Syinpo.Job.Server", "Syinpo.Job.Server\Syinpo.Job.Server.csproj", "{89CC350D-49A9-4ED4-9CCF-C7DB9EB74BEF}"
EndProject
Project("{9A19103F-16F7-4668-BE54-9A1E7A4F7556}") = "Syinpo.Cap.Api", "Syinpo.Cap.Api\Syinpo.Cap.Api.csproj", "{3F0BCBED-C907-4631-9043-6B4CC48AB720}"
EndProject
Project("{9A19103F-16F7-4668-BE54-9A1E7A4F7556}") = "Syinpo.Agent.Hub", "Syinpo.Agent.Hub\Syinpo.Agent.Hub.csproj", "{2A369864-6E57-401A-9315-894A19560372}"
EndProject
Global
	GlobalSection(SolutionConfigurationPlatforms) = preSolution
		Debug|Any CPU = Debug|Any CPU
		Release|Any CPU = Release|Any CPU
	EndGlobalSection
	GlobalSection(ProjectConfigurationPlatforms) = postSolution
		{1691C309-7F22-4D93-9788-4E58D81FD116}.Debug|Any CPU.ActiveCfg = Debug|Any CPU
		{1691C309-7F22-4D93-9788-4E58D81FD116}.Debug|Any CPU.Build.0 = Debug|Any CPU
		{1691C309-7F22-4D93-9788-4E58D81FD116}.Release|Any CPU.ActiveCfg = Release|Any CPU
		{1691C309-7F22-4D93-9788-4E58D81FD116}.Release|Any CPU.Build.0 = Release|Any CPU
		{ED6B55E2-7CAC-44B6-94A3-87C7BF20C612}.Debug|Any CPU.ActiveCfg = Debug|Any CPU
		{ED6B55E2-7CAC-44B6-94A3-87C7BF20C612}.Debug|Any CPU.Build.0 = Debug|Any CPU
		{ED6B55E2-7CAC-44B6-94A3-87C7BF20C612}.Release|Any CPU.ActiveCfg = Release|Any CPU
		{ED6B55E2-7CAC-44B6-94A3-87C7BF20C612}.Release|Any CPU.Build.0 = Release|Any CPU
		{E1A497BC-E6BF-4650-BE61-88B91C225DC1}.Debug|Any CPU.ActiveCfg = Debug|Any CPU
		{E1A497BC-E6BF-4650-BE61-88B91C225DC1}.Debug|Any CPU.Build.0 = Debug|Any CPU
		{E1A497BC-E6BF-4650-BE61-88B91C225DC1}.Release|Any CPU.ActiveCfg = Release|Any CPU
		{E1A497BC-E6BF-4650-BE61-88B91C225DC1}.Release|Any CPU.Build.0 = Release|Any CPU
		{F2C9F9A9-9166-4B78-B07B-1631CED1DEDD}.Debug|Any CPU.ActiveCfg = Debug|Any CPU
		{F2C9F9A9-9166-4B78-B07B-1631CED1DEDD}.Debug|Any CPU.Build.0 = Debug|Any CPU
		{F2C9F9A9-9166-4B78-B07B-1631CED1DEDD}.Debug|Any CPU.Deploy.0 = Debug|Any CPU
		{F2C9F9A9-9166-4B78-B07B-1631CED1DEDD}.Release|Any CPU.ActiveCfg = Release|Any CPU
		{F2C9F9A9-9166-4B78-B07B-1631CED1DEDD}.Release|Any CPU.Build.0 = Release|Any CPU
		{F2C9F9A9-9166-4B78-B07B-1631CED1DEDD}.Release|Any CPU.Deploy.0 = Release|Any CPU
		{8A604632-D5F9-44D9-BB63-1AC7FA8A8BA0}.Debug|Any CPU.ActiveCfg = Debug|Any CPU
		{8A604632-D5F9-44D9-BB63-1AC7FA8A8BA0}.Debug|Any CPU.Build.0 = Debug|Any CPU
		{8A604632-D5F9-44D9-BB63-1AC7FA8A8BA0}.Release|Any CPU.ActiveCfg = Release|Any CPU
		{8A604632-D5F9-44D9-BB63-1AC7FA8A8BA0}.Release|Any CPU.Build.0 = Release|Any CPU
		{AB62C16D-A61C-4A95-8D87-276D8F68B7CD}.Debug|Any CPU.ActiveCfg = Debug|Any CPU
		{AB62C16D-A61C-4A95-8D87-276D8F68B7CD}.Debug|Any CPU.Build.0 = Debug|Any CPU
		{AB62C16D-A61C-4A95-8D87-276D8F68B7CD}.Release|Any CPU.ActiveCfg = Release|Any CPU
		{AB62C16D-A61C-4A95-8D87-276D8F68B7CD}.Release|Any CPU.Build.0 = Release|Any CPU
		{94D9E0BF-3796-4C4B-A093-4C557A764473}.Debug|Any CPU.ActiveCfg = Debug|Any CPU
		{94D9E0BF-3796-4C4B-A093-4C557A764473}.Debug|Any CPU.Build.0 = Debug|Any CPU
		{94D9E0BF-3796-4C4B-A093-4C557A764473}.Release|Any CPU.ActiveCfg = Release|Any CPU
		{94D9E0BF-3796-4C4B-A093-4C557A764473}.Release|Any CPU.Build.0 = Release|Any CPU
		{8F8010C3-BBE1-4738-BA4A-761B4405FD2E}.Debug|Any CPU.ActiveCfg = Debug|Any CPU
		{8F8010C3-BBE1-4738-BA4A-761B4405FD2E}.Debug|Any CPU.Build.0 = Debug|Any CPU
		{8F8010C3-BBE1-4738-BA4A-761B4405FD2E}.Release|Any CPU.ActiveCfg = Release|Any CPU
		{8F8010C3-BBE1-4738-BA4A-761B4405FD2E}.Release|Any CPU.Build.0 = Release|Any CPU
		{523D27C6-C700-44FB-AE6C-9A101661DF9C}.Debug|Any CPU.ActiveCfg = Debug|Any CPU
		{523D27C6-C700-44FB-AE6C-9A101661DF9C}.Debug|Any CPU.Build.0 = Debug|Any CPU
		{523D27C6-C700-44FB-AE6C-9A101661DF9C}.Release|Any CPU.ActiveCfg = Release|Any CPU
		{523D27C6-C700-44FB-AE6C-9A101661DF9C}.Release|Any CPU.Build.0 = Release|Any CPU
		{07734746-FBDC-4AC9-A0E4-94E3387285E3}.Debug|Any CPU.ActiveCfg = Debug|Any CPU
		{07734746-FBDC-4AC9-A0E4-94E3387285E3}.Debug|Any CPU.Build.0 = Debug|Any CPU
		{07734746-FBDC-4AC9-A0E4-94E3387285E3}.Release|Any CPU.ActiveCfg = Release|Any CPU
		{07734746-FBDC-4AC9-A0E4-94E3387285E3}.Release|Any CPU.Build.0 = Release|Any CPU
		{CE230B05-FA88-4F49-8965-71E94BE254D8}.Debug|Any CPU.ActiveCfg = Debug|Any CPU
		{CE230B05-FA88-4F49-8965-71E94BE254D8}.Debug|Any CPU.Build.0 = Debug|Any CPU
		{CE230B05-FA88-4F49-8965-71E94BE254D8}.Release|Any CPU.ActiveCfg = Release|Any CPU
		{CE230B05-FA88-4F49-8965-71E94BE254D8}.Release|Any CPU.Build.0 = Release|Any CPU
		{65ABE477-010E-4BFE-BD54-D0A28DC461AC}.Debug|Any CPU.ActiveCfg = Debug|Any CPU
		{65ABE477-010E-4BFE-BD54-D0A28DC461AC}.Debug|Any CPU.Build.0 = Debug|Any CPU
		{65ABE477-010E-4BFE-BD54-D0A28DC461AC}.Release|Any CPU.ActiveCfg = Release|Any CPU
		{65ABE477-010E-4BFE-BD54-D0A28DC461AC}.Release|Any CPU.Build.0 = Release|Any CPU
		{2887C174-8199-40CF-9C5A-3F89D1635DE4}.Debug|Any CPU.ActiveCfg = Debug|Any CPU
		{2887C174-8199-40CF-9C5A-3F89D1635DE4}.Debug|Any CPU.Build.0 = Debug|Any CPU
		{2887C174-8199-40CF-9C5A-3F89D1635DE4}.Release|Any CPU.ActiveCfg = Release|Any CPU
		{2887C174-8199-40CF-9C5A-3F89D1635DE4}.Release|Any CPU.Build.0 = Release|Any CPU
		{F072A3DE-E511-4496-A98A-30FF86A11984}.Debug|Any CPU.ActiveCfg = Debug|Any CPU
		{F072A3DE-E511-4496-A98A-30FF86A11984}.Debug|Any CPU.Build.0 = Debug|Any CPU
		{F072A3DE-E511-4496-A98A-30FF86A11984}.Debug|Any CPU.Deploy.0 = Debug|Any CPU
		{F072A3DE-E511-4496-A98A-30FF86A11984}.Release|Any CPU.ActiveCfg = Release|Any CPU
		{F072A3DE-E511-4496-A98A-30FF86A11984}.Release|Any CPU.Build.0 = Release|Any CPU
		{F072A3DE-E511-4496-A98A-30FF86A11984}.Release|Any CPU.Deploy.0 = Release|Any CPU
		{9972D3EC-4158-4BD4-92DF-F29FBBF82A5A}.Debug|Any CPU.ActiveCfg = Debug|Any CPU
		{9972D3EC-4158-4BD4-92DF-F29FBBF82A5A}.Debug|Any CPU.Build.0 = Debug|Any CPU
		{9972D3EC-4158-4BD4-92DF-F29FBBF82A5A}.Release|Any CPU.ActiveCfg = Release|Any CPU
		{9972D3EC-4158-4BD4-92DF-F29FBBF82A5A}.Release|Any CPU.Build.0 = Release|Any CPU
		{3C55203A-5B10-4E06-BEB6-E1D8D1AEA31E}.Debug|Any CPU.ActiveCfg = Debug|Any CPU
		{3C55203A-5B10-4E06-BEB6-E1D8D1AEA31E}.Debug|Any CPU.Build.0 = Debug|Any CPU
		{3C55203A-5B10-4E06-BEB6-E1D8D1AEA31E}.Release|Any CPU.ActiveCfg = Release|Any CPU
		{3C55203A-5B10-4E06-BEB6-E1D8D1AEA31E}.Release|Any CPU.Build.0 = Release|Any CPU
		{1DCE114D-D437-4E29-98DE-0487C62E3FAD}.Debug|Any CPU.ActiveCfg = Debug|Any CPU
		{1DCE114D-D437-4E29-98DE-0487C62E3FAD}.Debug|Any CPU.Build.0 = Debug|Any CPU
		{1DCE114D-D437-4E29-98DE-0487C62E3FAD}.Release|Any CPU.ActiveCfg = Release|Any CPU
		{1DCE114D-D437-4E29-98DE-0487C62E3FAD}.Release|Any CPU.Build.0 = Release|Any CPU
		{89CC350D-49A9-4ED4-9CCF-C7DB9EB74BEF}.Debug|Any CPU.ActiveCfg = Debug|Any CPU
		{89CC350D-49A9-4ED4-9CCF-C7DB9EB74BEF}.Debug|Any CPU.Build.0 = Debug|Any CPU
		{89CC350D-49A9-4ED4-9CCF-C7DB9EB74BEF}.Release|Any CPU.ActiveCfg = Release|Any CPU
		{89CC350D-49A9-4ED4-9CCF-C7DB9EB74BEF}.Release|Any CPU.Build.0 = Release|Any CPU
		{3F0BCBED-C907-4631-9043-6B4CC48AB720}.Debug|Any CPU.ActiveCfg = Debug|Any CPU
		{3F0BCBED-C907-4631-9043-6B4CC48AB720}.Debug|Any CPU.Build.0 = Debug|Any CPU
		{3F0BCBED-C907-4631-9043-6B4CC48AB720}.Release|Any CPU.ActiveCfg = Release|Any CPU
		{3F0BCBED-C907-4631-9043-6B4CC48AB720}.Release|Any CPU.Build.0 = Release|Any CPU
		{2A369864-6E57-401A-9315-894A19560372}.Debug|Any CPU.ActiveCfg = Debug|Any CPU
		{2A369864-6E57-401A-9315-894A19560372}.Debug|Any CPU.Build.0 = Debug|Any CPU
		{2A369864-6E57-401A-9315-894A19560372}.Release|Any CPU.ActiveCfg = Release|Any CPU
		{2A369864-6E57-401A-9315-894A19560372}.Release|Any CPU.Build.0 = Release|Any CPU
	EndGlobalSection
	GlobalSection(SolutionProperties) = preSolution
		HideSolutionNode = FALSE
	EndGlobalSection
	GlobalSection(NestedProjects) = preSolution
		{1691C309-7F22-4D93-9788-4E58D81FD116} = {CB221182-62E9-4D1F-AF78-D9D37419CB99}
		{ED6B55E2-7CAC-44B6-94A3-87C7BF20C612} = {71E83B16-94E0-4401-951F-8368E2653CA3}
		{E1A497BC-E6BF-4650-BE61-88B91C225DC1} = {B570C0AC-0E50-4D89-A42C-190EEFCCD430}
		{F2C9F9A9-9166-4B78-B07B-1631CED1DEDD} = {F535F73C-1812-43F9-9E8F-386E0E21DA6F}
		{8A604632-D5F9-44D9-BB63-1AC7FA8A8BA0} = {71E83B16-94E0-4401-951F-8368E2653CA3}
		{AB62C16D-A61C-4A95-8D87-276D8F68B7CD} = {CB221182-62E9-4D1F-AF78-D9D37419CB99}
		{94D9E0BF-3796-4C4B-A093-4C557A764473} = {CB221182-62E9-4D1F-AF78-D9D37419CB99}
		{8F8010C3-BBE1-4738-BA4A-761B4405FD2E} = {B570C0AC-0E50-4D89-A42C-190EEFCCD430}
		{523D27C6-C700-44FB-AE6C-9A101661DF9C} = {B570C0AC-0E50-4D89-A42C-190EEFCCD430}
		{07734746-FBDC-4AC9-A0E4-94E3387285E3} = {CB221182-62E9-4D1F-AF78-D9D37419CB99}
		{CE230B05-FA88-4F49-8965-71E94BE254D8} = {65BDB8B5-8844-424A-8E7B-189FFD45424F}
		{65ABE477-010E-4BFE-BD54-D0A28DC461AC} = {65BDB8B5-8844-424A-8E7B-189FFD45424F}
		{2887C174-8199-40CF-9C5A-3F89D1635DE4} = {71E83B16-94E0-4401-951F-8368E2653CA3}
		{F072A3DE-E511-4496-A98A-30FF86A11984} = {F535F73C-1812-43F9-9E8F-386E0E21DA6F}
		{9972D3EC-4158-4BD4-92DF-F29FBBF82A5A} = {B570C0AC-0E50-4D89-A42C-190EEFCCD430}
		{3C55203A-5B10-4E06-BEB6-E1D8D1AEA31E} = {B570C0AC-0E50-4D89-A42C-190EEFCCD430}
		{1DCE114D-D437-4E29-98DE-0487C62E3FAD} = {71E83B16-94E0-4401-951F-8368E2653CA3}
		{89CC350D-49A9-4ED4-9CCF-C7DB9EB74BEF} = {71E83B16-94E0-4401-951F-8368E2653CA3}
		{3F0BCBED-C907-4631-9043-6B4CC48AB720} = {71E83B16-94E0-4401-951F-8368E2653CA3}
		{2A369864-6E57-401A-9315-894A19560372} = {71E83B16-94E0-4401-951F-8368E2653CA3}
	EndGlobalSection
	GlobalSection(ExtensibilityGlobals) = postSolution
		SolutionGuid = {81701CFE-2ABE-47DB-B77A-748E979DE25A}
	EndGlobalSection
EndGlobal
